
Microsoft Visual Studio Solution File, Format Version 12.00
# Visual Studio 15
VisualStudioVersion = 15.0.27428.2015
MinimumVisualStudioVersion = 10.0.40219.1
Project("{FAE04EC0-301F-11D3-BF4B-00C04F79EFBC}") = "TestProject.Web", "testProject\TestProject.Web.csproj", "{A29793BF-30EE-4DC8-86E8-5B86E027B347}"
EndProject
Project("{FAE04EC0-301F-11D3-BF4B-00C04F79EFBC}") = "TestProject.Data", "TestProject.Data\TestProject.Data.csproj", "{4FCDBC05-4A83-4848-A8D4-0C63C66A88E9}"
EndProject
Project("{FAE04EC0-301F-11D3-BF4B-00C04F79EFBC}") = "TestProject.DAL", "TestProject.DAL\TestProject.DAL.csproj", "{A92A1B1E-C464-4F10-ACE7-26F25C3C67BA}"
EndProject
Project("{FAE04EC0-301F-11D3-BF4B-00C04F79EFBC}") = "TestProject.BLL", "TestProject.BLL\TestProject.BLL.csproj", "{666FF3C3-2DAF-42D4-B817-307E81D4DA6A}"
	ProjectSection(ProjectDependencies) = postProject
		{842033BE-D18C-479A-9118-7D3BDB0FB364} = {842033BE-D18C-479A-9118-7D3BDB0FB364}
	EndProjectSection
EndProject
Project("{FAE04EC0-301F-11D3-BF4B-00C04F79EFBC}") = "TestProject.BLL.Contracts", "TestProject.BLL.Contracts\TestProject.BLL.Contracts.csproj", "{842033BE-D18C-479A-9118-7D3BDB0FB364}"
EndProject
Global
	GlobalSection(SolutionConfigurationPlatforms) = preSolution
		Debug|Any CPU = Debug|Any CPU
		Release|Any CPU = Release|Any CPU
	EndGlobalSection
	GlobalSection(ProjectConfigurationPlatforms) = postSolution
		{A29793BF-30EE-4DC8-86E8-5B86E027B347}.Debug|Any CPU.ActiveCfg = Debug|Any CPU
		{A29793BF-30EE-4DC8-86E8-5B86E027B347}.Debug|Any CPU.Build.0 = Debug|Any CPU
		{A29793BF-30EE-4DC8-86E8-5B86E027B347}.Release|Any CPU.ActiveCfg = Release|Any CPU
		{A29793BF-30EE-4DC8-86E8-5B86E027B347}.Release|Any CPU.Build.0 = Release|Any CPU
		{4FCDBC05-4A83-4848-A8D4-0C63C66A88E9}.Debug|Any CPU.ActiveCfg = Debug|Any CPU
		{4FCDBC05-4A83-4848-A8D4-0C63C66A88E9}.Debug|Any CPU.Build.0 = Debug|Any CPU
		{4FCDBC05-4A83-4848-A8D4-0C63C66A88E9}.Release|Any CPU.ActiveCfg = Release|Any CPU
		{4FCDBC05-4A83-4848-A8D4-0C63C66A88E9}.Release|Any CPU.Build.0 = Release|Any CPU
		{A92A1B1E-C464-4F10-ACE7-26F25C3C67BA}.Debug|Any CPU.ActiveCfg = Debug|Any CPU
		{A92A1B1E-C464-4F10-ACE7-26F25C3C67BA}.Debug|Any CPU.Build.0 = Debug|Any CPU
		{A92A1B1E-C464-4F10-ACE7-26F25C3C67BA}.Release|Any CPU.ActiveCfg = Release|Any CPU
		{A92A1B1E-C464-4F10-ACE7-26F25C3C67BA}.Release|Any CPU.Build.0 = Release|Any CPU
		{666FF3C3-2DAF-42D4-B817-307E81D4DA6A}.Debug|Any CPU.ActiveCfg = Debug|Any CPU
		{666FF3C3-2DAF-42D4-B817-307E81D4DA6A}.Debug|Any CPU.Build.0 = Debug|Any CPU
		{666FF3C3-2DAF-42D4-B817-307E81D4DA6A}.Release|Any CPU.ActiveCfg = Release|Any CPU
		{666FF3C3-2DAF-42D4-B817-307E81D4DA6A}.Release|Any CPU.Build.0 = Release|Any CPU
		{842033BE-D18C-479A-9118-7D3BDB0FB364}.Debug|Any CPU.ActiveCfg = Debug|Any CPU
		{842033BE-D18C-479A-9118-7D3BDB0FB364}.Debug|Any CPU.Build.0 = Debug|Any CPU
		{842033BE-D18C-479A-9118-7D3BDB0FB364}.Release|Any CPU.ActiveCfg = Release|Any CPU
		{842033BE-D18C-479A-9118-7D3BDB0FB364}.Release|Any CPU.Build.0 = Release|Any CPU
	EndGlobalSection
	GlobalSection(SolutionProperties) = preSolution
		HideSolutionNode = FALSE
	EndGlobalSection
	GlobalSection(ExtensibilityGlobals) = postSolution
		SolutionGuid = {A2AF98BD-48BE-47C1-8993-554A66ACA8F4}
	EndGlobalSection
EndGlobal
